
Microsoft Visual Studio Solution File, Format Version 12.00
# Visual Studio Version 17
VisualStudioVersion = 17.0.32014.148
MinimumVisualStudioVersion = 10.0.40219.1
Project("{FAE04EC0-301F-11D3-BF4B-00C04F79EFBC}") = "CodeBehind", "CodeBehind.csproj", "{83A41434-7761-4B0C-9840-5B7811E3D588}"
EndProject
Global
	GlobalSection(SolutionConfigurationPlatforms) = preSolution
		Debug|Any CPU = Debug|Any CPU
		Release|Any CPU = Release|Any CPU
	EndGlobalSection
	GlobalSection(ProjectConfigurationPlatforms) = postSolution
		{83A41434-7761-4B0C-9840-5B7811E3D588}.Debug|Any CPU.ActiveCfg = Debug|Any CPU
		{83A41434-7761-4B0C-9840-5B7811E3D588}.Debug|Any CPU.Build.0 = Debug|Any CPU
		{83A41434-7761-4B0C-9840-5B7811E3D588}.Release|Any CPU.ActiveCfg = Release|Any CPU
		{83A41434-7761-4B0C-9840-5B7811E3D588}.Release|Any CPU.Build.0 = Release|Any CPU
	EndGlobalSection
	GlobalSection(SolutionProperties) = preSolution
		HideSolutionNode = FALSE
	EndGlobalSection
	GlobalSection(ExtensibilityGlobals) = postSolution
		SolutionGuid = {76AA9424-7BD1-4B33-ADF8-A40DD9EC06BE}
	EndGlobalSection
EndGlobal
